<Solution>
  <Folder Name="/Solution Items/">
    <File Path="README.md" />
  </Folder>
  <Project Path="Application/Eshop.Application.csproj" />
  <Project Path="Eshop.API/Eshop.API.csproj" />
  <Project Path="Eshop.Core/Eshop.Core.csproj" />
  <Project Path="Infrastructure/Eshop.Infrastructure.csproj" />
</Solution>
